{
  "name": "@ludlovian/retry",
  "version": "0.1.4",
  "lockfileVersion": 2,
  "requires": true,
  "packages": {
    "": {
      "name": "@ludlovian/retry",
      "version": "0.1.4",
      "license": "Unlicense",
      "dependencies": {
        "@ludlovian/timeout": "file:../timeout"
      }
    },
    "../timeout": {
      "name": "@ludlovian/timeout",
      "version": "0.2.0",
      "license": "Unlicense"
    },
    "node_modules/@ludlovian/timeout": {
      "resolved": "../timeout",
      "link": true
    }
  },
  "dependencies": {
    "@ludlovian/timeout": {
      "version": "file:../timeout"
    }
  }
}
